{
	"requires": true,
	"lockfileVersion": 1,
	"dependencies": {
		"any-promise": {
			"version": "1.3.0",
			"resolved": "http://registry.npm.taobao.org/any-promise/download/any-promise-1.3.0.tgz",
			"integrity": "sha1-q8av7tzqUugJzcA3au0845Y10X8="
		},
		"basic-auth": {
			"version": "2.0.0",
			"resolved": "http://registry.npm.taobao.org/basic-auth/download/basic-auth-2.0.0.tgz",
			"integrity": "sha1-AV2z81PgLlY3d1X5YnQuiYHnu7o=",
			"requires": {
				"safe-buffer": "5.1.1"
			}
		},
		"bytes": {
			"version": "3.0.0",
			"resolved": "http://registry.npm.taobao.org/bytes/download/bytes-3.0.0.tgz",
			"integrity": "sha1-0ygVQE1olpn4Wk6k+odV3ROpYEg="
		},
		"co-body": {
			"version": "5.1.1",
			"resolved": "http://registry.npm.taobao.org/co-body/download/co-body-5.1.1.tgz",
			"integrity": "sha1-2XeB0eM0S6SoIP0YBr3fg0FQUjY=",
			"requires": {
				"inflation": "2.0.0",
				"qs": "6.5.1",
				"raw-body": "2.3.2",
				"type-is": "1.6.15"
			}
		},
		"compressible": {
			"version": "2.0.12",
			"resolved": "http://registry.npm.taobao.org/compressible/download/compressible-2.0.12.tgz",
			"integrity": "sha1-xZpcmdt2dn6YdlAOJx72OzSTvWY=",
			"requires": {
				"mime-db": "1.30.0"
			}
		},
		"copy-to": {
			"version": "2.0.1",
			"resolved": "http://registry.npm.taobao.org/copy-to/download/copy-to-2.0.1.tgz",
			"integrity": "sha1-JoD7uAaKSNCGVrYJgJK9r8kG9KU="
		},
		"debug": {
			"version": "2.6.9",
			"resolved": "http://registry.npm.taobao.org/debug/download/debug-2.6.9.tgz",
			"integrity": "sha1-XRKFFd8TT/Mn6QpMk/Tgd6U2NB8=",
			"requires": {
				"ms": "2.0.0"
			}
		},
		"depd": {
			"version": "1.1.1",
			"resolved": "http://registry.npm.taobao.org/depd/download/depd-1.1.1.tgz",
			"integrity": "sha1-V4O04cRZ8G+lyif5kfPQbnoxA1k="
		},
		"ee-first": {
			"version": "1.1.1",
			"resolved": "http://registry.npm.taobao.org/ee-first/download/ee-first-1.1.1.tgz",
			"integrity": "sha1-WQxhFWsK4vTwJVcyoViyZrxWsh0="
		},
		"http-errors": {
			"version": "1.6.2",
			"resolved": "http://registry.npm.taobao.org/http-errors/download/http-errors-1.6.2.tgz",
			"integrity": "sha1-CgAsyFcHGSp+eUbO7cERVfYOxzY=",
			"requires": {
				"depd": "1.1.1",
				"inherits": "2.0.3",
				"setprototypeof": "1.0.3",
				"statuses": "1.4.0"
			}
		},
		"iconv-lite": {
			"version": "0.4.19",
			"resolved": "http://registry.npm.taobao.org/iconv-lite/download/iconv-lite-0.4.19.tgz",
			"integrity": "sha1-90aPYBNfXl2tM5nAqBvpoWA6CCs="
		},
		"inflation": {
			"version": "2.0.0",
			"resolved": "http://registry.npm.taobao.org/inflation/download/inflation-2.0.0.tgz",
			"integrity": "sha1-i0F+R8KPklpFEz2RTKH9OJEH8w8="
		},
		"inherits": {
			"version": "2.0.3",
			"resolved": "http://registry.npm.taobao.org/inherits/download/inherits-2.0.3.tgz",
			"integrity": "sha1-Yzwsg+PaQqUC9SRmAiSA9CCCYd4="
		},
		"isarray": {
			"version": "0.0.1",
			"resolved": "http://registry.npm.taobao.org/isarray/download/isarray-0.0.1.tgz",
			"integrity": "sha1-ihis/Kmo9Bd+Cav8YDiTmwXR7t8="
		},
		"koa-bodyparser": {
			"version": "4.2.0",
			"resolved": "http://registry.npm.taobao.org/koa-bodyparser/download/koa-bodyparser-4.2.0.tgz",
			"integrity": "sha1-vObgi8Zfhwm20fqpQRx/DYk4qlQ=",
			"requires": {
				"co-body": "5.1.1",
				"copy-to": "2.0.1"
			}
		},
		"koa-compose": {
			"version": "3.2.1",
			"resolved": "http://registry.npm.taobao.org/koa-compose/download/koa-compose-3.2.1.tgz",
			"integrity": "sha1-qFzLQLfZhtjlo0Wzoazo6rz1Tec=",
			"requires": {
				"any-promise": "1.3.0"
			}
		},
		"koa-compress": {
			"version": "2.0.0",
			"resolved": "http://registry.npm.taobao.org/koa-compress/download/koa-compress-2.0.0.tgz",
			"integrity": "sha1-e36ykhuEd0a14SK6n1zYpnHo6jo=",
			"requires": {
				"bytes": "2.5.0",
				"compressible": "2.0.12",
				"koa-is-json": "1.0.0",
				"statuses": "1.4.0"
			},
			"dependencies": {
				"bytes": {
					"version": "2.5.0",
					"resolved": "http://registry.npm.taobao.org/bytes/download/bytes-2.5.0.tgz",
					"integrity": "sha1-TJQj6i0lLCcMQbK97+/5u2tiwGo="
				}
			}
		},
		"koa-cors": {
			"version": "0.0.16",
			"resolved": "http://registry.npm.taobao.org/koa-cors/download/koa-cors-0.0.16.tgz",
			"integrity": "sha1-mBB5k6eQnjTAQphsXsYVbXfzQy4="
		},
		"koa-is-json": {
			"version": "1.0.0",
			"resolved": "http://registry.npm.taobao.org/koa-is-json/download/koa-is-json-1.0.0.tgz",
			"integrity": "sha1-JzwH7c3Ljfaiwat9We52SRRR7BQ="
		},
		"koa-morgan": {
			"version": "1.0.1",
			"resolved": "http://registry.npm.taobao.org/koa-morgan/download/koa-morgan-1.0.1.tgz",
			"integrity": "sha1-CAUuDODYOdPEMXi5CluzQkvvH5k=",
			"requires": {
				"morgan": "1.9.0"
			}
		},
		"koa-router": {
			"version": "7.4.0",
			"resolved": "http://registry.npm.taobao.org/koa-router/download/koa-router-7.4.0.tgz",
			"integrity": "sha1-ruH3rcAtXLMdfWdGXJ6syCXoxeA=",
			"requires": {
				"debug": "3.1.0",
				"http-errors": "1.6.2",
				"koa-compose": "3.2.1",
				"methods": "1.1.2",
				"path-to-regexp": "1.7.0",
				"urijs": "1.19.0"
			},
			"dependencies": {
				"debug": {
					"version": "3.1.0",
					"resolved": "http://registry.npm.taobao.org/debug/download/debug-3.1.0.tgz",
					"integrity": "sha1-W7WgZyYotkFJVmuhaBnmFRjGcmE=",
					"requires": {
						"ms": "2.0.0"
					}
				}
			}
		},
		"lru-cache": {
			"version": "4.1.1",
			"resolved": "http://registry.npm.taobao.org/lru-cache/download/lru-cache-4.1.1.tgz",
			"integrity": "sha1-Yi4y6CSItJJ5EUpPns9F581rulU=",
			"requires": {
				"pseudomap": "1.0.2",
				"yallist": "2.1.2"
			}
		},
		"media-typer": {
			"version": "0.3.0",
			"resolved": "http://registry.npm.taobao.org/media-typer/download/media-typer-0.3.0.tgz",
			"integrity": "sha1-hxDXrwqmJvj/+hzgAWhUUmMlV0g="
		},
		"methods": {
			"version": "1.1.2",
			"resolved": "http://registry.npm.taobao.org/methods/download/methods-1.1.2.tgz",
			"integrity": "sha1-VSmk1nZUE07cxSZmVoNbD4Ua/O4="
		},
		"mime-db": {
			"version": "1.30.0",
			"resolved": "http://registry.npm.taobao.org/mime-db/download/mime-db-1.30.0.tgz",
			"integrity": "sha1-dMZD2i3Z1qRTmZY0ZbJtXKfXHwE="
		},
		"mime-types": {
			"version": "2.1.17",
			"resolved": "http://registry.npm.taobao.org/mime-types/download/mime-types-2.1.17.tgz",
			"integrity": "sha1-Cdejk/A+mVp5+K+Fe3Cp4KsWVXo=",
			"requires": {
				"mime-db": "1.30.0"
			}
		},
		"morgan": {
			"version": "1.9.0",
			"resolved": "http://registry.npm.taobao.org/morgan/download/morgan-1.9.0.tgz",
			"integrity": "sha1-0B+mxlhZt2/PMbPLU6OCGjEdgFE=",
			"requires": {
				"basic-auth": "2.0.0",
				"debug": "2.6.9",
				"depd": "1.1.1",
				"on-finished": "2.3.0",
				"on-headers": "1.0.1"
			}
		},
		"ms": {
			"version": "2.0.0",
			"resolved": "http://registry.npm.taobao.org/ms/download/ms-2.0.0.tgz",
			"integrity": "sha1-VgiurfwAvmwpAd9fmGF4jeDVl8g="
		},
		"on-finished": {
			"version": "2.3.0",
			"resolved": "http://registry.npm.taobao.org/on-finished/download/on-finished-2.3.0.tgz",
			"integrity": "sha1-IPEzZIGwg811M3mSoWlxqi2QaUc=",
			"requires": {
				"ee-first": "1.1.1"
			}
		},
		"on-headers": {
			"version": "1.0.1",
			"resolved": "http://registry.npm.taobao.org/on-headers/download/on-headers-1.0.1.tgz",
			"integrity": "sha1-ko9dD0cNSTQmUepnlLCFfBAGk/c="
		},
		"path-to-regexp": {
			"version": "1.7.0",
			"resolved": "http://registry.npm.taobao.org/path-to-regexp/download/path-to-regexp-1.7.0.tgz",
			"integrity": "sha1-Wf3g9DW62suhA6hOnTvGTpa5k30=",
			"requires": {
				"isarray": "0.0.1"
			}
		},
		"pseudomap": {
			"version": "1.0.2",
			"resolved": "http://registry.npm.taobao.org/pseudomap/download/pseudomap-1.0.2.tgz",
			"integrity": "sha1-8FKijacOYYkX7wqKw0wa5aaChrM="
		},
		"qs": {
			"version": "6.5.1",
			"resolved": "http://registry.npm.taobao.org/qs/download/qs-6.5.1.tgz",
			"integrity": "sha1-NJzfbu+J7EXBLX1es/wMhwNDptg="
		},
		"raw-body": {
			"version": "2.3.2",
			"resolved": "http://registry.npm.taobao.org/raw-body/download/raw-body-2.3.2.tgz",
			"integrity": "sha1-vNYMd9Prk83gBQKVw/N5OJvIj4k=",
			"requires": {
				"bytes": "3.0.0",
				"http-errors": "1.6.2",
				"iconv-lite": "0.4.19",
				"unpipe": "1.0.0"
			}
		},
		"safe-buffer": {
			"version": "5.1.1",
			"resolved": "http://registry.npm.taobao.org/safe-buffer/download/safe-buffer-5.1.1.tgz",
			"integrity": "sha1-iTMSr2myEj3vcfV4iQAWce6yyFM="
		},
		"setprototypeof": {
			"version": "1.0.3",
			"resolved": "http://registry.npm.taobao.org/setprototypeof/download/setprototypeof-1.0.3.tgz",
			"integrity": "sha1-ZlZ+NwQ+608E2RvWWMDL77VbjgQ="
		},
		"statuses": {
			"version": "1.4.0",
			"resolved": "http://registry.npm.taobao.org/statuses/download/statuses-1.4.0.tgz",
			"integrity": "sha1-u3PURtonlhBu/MG2AaJT1sRr0Ic="
		},
		"type-is": {
			"version": "1.6.15",
			"resolved": "http://registry.npm.taobao.org/type-is/download/type-is-1.6.15.tgz",
			"integrity": "sha1-yrEPtJCeRByChC6v4a1kbIGARBA=",
			"requires": {
				"media-typer": "0.3.0",
				"mime-types": "2.1.17"
			}
		},
		"unpipe": {
			"version": "1.0.0",
			"resolved": "http://registry.npm.taobao.org/unpipe/download/unpipe-1.0.0.tgz",
			"integrity": "sha1-sr9O6FFKrmFltIF4KdIbLvSZBOw="
		},
		"urijs": {
			"version": "1.19.0",
			"resolved": "http://registry.npm.taobao.org/urijs/download/urijs-1.19.0.tgz",
			"integrity": "sha1-2KooTQ50aXA6aYitBFxMv98IraA="
		},
		"yallist": {
			"version": "2.1.2",
			"resolved": "http://registry.npm.taobao.org/yallist/download/yallist-2.1.2.tgz",
			"integrity": "sha1-HBH5IY8HYImkfdUS+TxmmaaoHVI="
		}
	}
}
